// !$*UTF8*$!
{
	archiveVersion = 1;
	classes = {
	};
	objectVersion = 56;
	objects = {

/* Begin PBXBuildFile section */
		323209802BAB03BF00E0FF99 /* UIView+Style.swift in Sources */ = {isa = PBXBuildFile; fileRef = 3232097F2BAB03BF00E0FF99 /* UIView+Style.swift */; };
		323209822BAB040000E0FF99 /* UseAutoLayout+propertyWrapper.swift in Sources */ = {isa = PBXBuildFile; fileRef = 323209812BAB040000E0FF99 /* UseAutoLayout+propertyWrapper.swift */; };
		323209842BAB048B00E0FF99 /* Weather.swift in Sources */ = {isa = PBXBuildFile; fileRef = 323209832BAB048B00E0FF99 /* Weather.swift */; };
		323209872BAB0A5100E0FF99 /* NetworkService.swift in Sources */ = {isa = PBXBuildFile; fileRef = 323209862BAB0A5100E0FF99 /* NetworkService.swift */; };
		323209892BAB1A3C00E0FF99 /* LocationFormatter.swift in Sources */ = {isa = PBXBuildFile; fileRef = 323209882BAB1A3C00E0FF99 /* LocationFormatter.swift */; };
		3232098B2BAB227F00E0FF99 /* WeatherView.swift in Sources */ = {isa = PBXBuildFile; fileRef = 3232098A2BAB227F00E0FF99 /* WeatherView.swift */; };
		3232098D2BAB2B8700E0FF99 /* MainCell.swift in Sources */ = {isa = PBXBuildFile; fileRef = 3232098C2BAB2B8700E0FF99 /* MainCell.swift */; };
		3232098F2BAB2DB500E0FF99 /* DetailCell.swift in Sources */ = {isa = PBXBuildFile; fileRef = 3232098E2BAB2DB500E0FF99 /* DetailCell.swift */; };
		323209912BAB2E0A00E0FF99 /* DetailInfoView.swift in Sources */ = {isa = PBXBuildFile; fileRef = 323209902BAB2E0A00E0FF99 /* DetailInfoView.swift */; };
		323209932BAB317F00E0FF99 /* DailyCell.swift in Sources */ = {isa = PBXBuildFile; fileRef = 323209922BAB317F00E0FF99 /* DailyCell.swift */; };
		323209952BAB5D6000E0FF99 /* CollectionViewHeader.swift in Sources */ = {isa = PBXBuildFile; fileRef = 323209942BAB5D6000E0FF99 /* CollectionViewHeader.swift */; };
		323209972BAB5E7700E0FF99 /* SectionBackgroundView.swift in Sources */ = {isa = PBXBuildFile; fileRef = 323209962BAB5E7700E0FF99 /* SectionBackgroundView.swift */; };
		3232099D2BAB84C300E0FF99 /* WeatherFormatter.swift in Sources */ = {isa = PBXBuildFile; fileRef = 3232099C2BAB84C300E0FF99 /* WeatherFormatter.swift */; };
		3241DA0A2BB092A900EAF27B /* TwelveHoursWeatherFormatter.swift in Sources */ = {isa = PBXBuildFile; fileRef = 3241DA092BB092A900EAF27B /* TwelveHoursWeatherFormatter.swift */; };
		3241DA0C2BB092E300EAF27B /* TwelveHoursWeather.swift in Sources */ = {isa = PBXBuildFile; fileRef = 3241DA0B2BB092E300EAF27B /* TwelveHoursWeather.swift */; };
		3241DA0E2BB0BC3A00EAF27B /* LoadingHourlyCell.swift in Sources */ = {isa = PBXBuildFile; fileRef = 3241DA0D2BB0BC3A00EAF27B /* LoadingHourlyCell.swift */; };
		326A4AE32BB0648D003FF603 /* HourlyCell.swift in Sources */ = {isa = PBXBuildFile; fileRef = 326A4AE22BB0648D003FF603 /* HourlyCell.swift */; };
		32B3A7A52BAC44AB00877F2C /* CustomDateFormatter.swift in Sources */ = {isa = PBXBuildFile; fileRef = 32B3A7A42BAC44AB00877F2C /* CustomDateFormatter.swift */; };
		32B3A7A72BAC4B3400877F2C /* WeekDay.swift in Sources */ = {isa = PBXBuildFile; fileRef = 32B3A7A62BAC4B3400877F2C /* WeekDay.swift */; };
		32B3A7A92BAC53A200877F2C /* NavBarTitleView.swift in Sources */ = {isa = PBXBuildFile; fileRef = 32B3A7A82BAC53A200877F2C /* NavBarTitleView.swift */; };
		32B3A7AD2BAC7B5200877F2C /* CitySearchViewController.swift in Sources */ = {isa = PBXBuildFile; fileRef = 32B3A7AC2BAC7B5200877F2C /* CitySearchViewController.swift */; };
		32B3A7AF2BACA50300877F2C /* UserLocationCell.swift in Sources */ = {isa = PBXBuildFile; fileRef = 32B3A7AE2BACA50300877F2C /* UserLocationCell.swift */; };
		32B3A7B12BACB39600877F2C /* LocationSearchCell.swift in Sources */ = {isa = PBXBuildFile; fileRef = 32B3A7B02BACB39600877F2C /* LocationSearchCell.swift */; };
		32B3A7B52BACC46F00877F2C /* CitySearchView.swift in Sources */ = {isa = PBXBuildFile; fileRef = 32B3A7B42BACC46F00877F2C /* CitySearchView.swift */; };
		32B3A7B72BACCF7700877F2C /* CityNotFoundView.swift in Sources */ = {isa = PBXBuildFile; fileRef = 32B3A7B62BACCF7700877F2C /* CityNotFoundView.swift */; };
		32C478ED2BAEF99F00471B43 /* ErrorView.swift in Sources */ = {isa = PBXBuildFile; fileRef = 32C478EC2BAEF99F00471B43 /* ErrorView.swift */; };
		32C478F12BAF28F600471B43 /* ImageConfig.swift in Sources */ = {isa = PBXBuildFile; fileRef = 32C478F02BAF28F600471B43 /* ImageConfig.swift */; };
		32C478F32BAF4AFC00471B43 /* WeatherViewController+Section.swift in Sources */ = {isa = PBXBuildFile; fileRef = 32C478F22BAF4AFC00471B43 /* WeatherViewController+Section.swift */; };
		32C478F52BAF4B5200471B43 /* WeatherViewController+Layout.swift in Sources */ = {isa = PBXBuildFile; fileRef = 32C478F42BAF4B5200471B43 /* WeatherViewController+Layout.swift */; };
		32C478F72BAF508700471B43 /* CitySearchViewController+Section.swift in Sources */ = {isa = PBXBuildFile; fileRef = 32C478F62BAF508700471B43 /* CitySearchViewController+Section.swift */; };
		32D4E1FC2BAD9CBB00EFE94D /* LoadingDetailCell.swift in Sources */ = {isa = PBXBuildFile; fileRef = 32D4E1FB2BAD9CBB00EFE94D /* LoadingDetailCell.swift */; };
		32D4E1FE2BAD9CF900EFE94D /* LoadingDetailView.swift in Sources */ = {isa = PBXBuildFile; fileRef = 32D4E1FD2BAD9CF900EFE94D /* LoadingDetailView.swift */; };
		32D4E2002BADA2ED00EFE94D /* LoadingMainCell.swift in Sources */ = {isa = PBXBuildFile; fileRef = 32D4E1FF2BADA2ED00EFE94D /* LoadingMainCell.swift */; };
		32D4E2022BADB3DB00EFE94D /* UIViewController+Alert.swift in Sources */ = {isa = PBXBuildFile; fileRef = 32D4E2012BADB3DB00EFE94D /* UIViewController+Alert.swift */; };
		32D4E2042BADC3AF00EFE94D /* Constants.swift in Sources */ = {isa = PBXBuildFile; fileRef = 32D4E2032BADC3AF00EFE94D /* Constants.swift */; };
		32D4E2062BADC3D200EFE94D /* SingleDay.swift in Sources */ = {isa = PBXBuildFile; fileRef = 32D4E2052BADC3D200EFE94D /* SingleDay.swift */; };
		32D4E2082BADC42000EFE94D /* WeatherCode.swift in Sources */ = {isa = PBXBuildFile; fileRef = 32D4E2072BADC42000EFE94D /* WeatherCode.swift */; };
		32D4E20A2BADE53500EFE94D /* SearchCache.swift in Sources */ = {isa = PBXBuildFile; fileRef = 32D4E2092BADE53500EFE94D /* SearchCache.swift */; };
		32D4E20C2BADE5A800EFE94D /* SearchResult.swift in Sources */ = {isa = PBXBuildFile; fileRef = 32D4E20B2BADE5A800EFE94D /* SearchResult.swift */; };
		32E921992BAA02A4000911F7 /* AppDelegate.swift in Sources */ = {isa = PBXBuildFile; fileRef = 32E921982BAA02A4000911F7 /* AppDelegate.swift */; };
		32E9219B2BAA02A4000911F7 /* SceneDelegate.swift in Sources */ = {isa = PBXBuildFile; fileRef = 32E9219A2BAA02A4000911F7 /* SceneDelegate.swift */; };
		32E9219D2BAA02A4000911F7 /* WeatherViewController.swift in Sources */ = {isa = PBXBuildFile; fileRef = 32E9219C2BAA02A4000911F7 /* WeatherViewController.swift */; };
		32E921A22BAA02A7000911F7 /* Assets.xcassets in Resources */ = {isa = PBXBuildFile; fileRef = 32E921A12BAA02A7000911F7 /* Assets.xcassets */; };
		32E921A52BAA02A7000911F7 /* LaunchScreen.storyboard in Resources */ = {isa = PBXBuildFile; fileRef = 32E921A32BAA02A7000911F7 /* LaunchScreen.storyboard */; };
/* End PBXBuildFile section */

/* Begin PBXFileReference section */
		3232097F2BAB03BF00E0FF99 /* UIView+Style.swift */ = {isa = PBXFileReference; lastKnownFileType = sourcecode.swift; path = "UIView+Style.swift"; sourceTree = "<group>"; };
		323209812BAB040000E0FF99 /* UseAutoLayout+propertyWrapper.swift */ = {isa = PBXFileReference; lastKnownFileType = sourcecode.swift; path = "UseAutoLayout+propertyWrapper.swift"; sourceTree = "<group>"; };
		323209832BAB048B00E0FF99 /* Weather.swift */ = {isa = PBXFileReference; lastKnownFileType = sourcecode.swift; path = Weather.swift; sourceTree = "<group>"; };
		323209862BAB0A5100E0FF99 /* NetworkService.swift */ = {isa = PBXFileReference; lastKnownFileType = sourcecode.swift; path = NetworkService.swift; sourceTree = "<group>"; };
		323209882BAB1A3C00E0FF99 /* LocationFormatter.swift */ = {isa = PBXFileReference; lastKnownFileType = sourcecode.swift; path = LocationFormatter.swift; sourceTree = "<group>"; };
		3232098A2BAB227F00E0FF99 /* WeatherView.swift */ = {isa = PBXFileReference; lastKnownFileType = sourcecode.swift; path = WeatherView.swift; sourceTree = "<group>"; };
		3232098C2BAB2B8700E0FF99 /* MainCell.swift */ = {isa = PBXFileReference; lastKnownFileType = sourcecode.swift; path = MainCell.swift; sourceTree = "<group>"; };
		3232098E2BAB2DB500E0FF99 /* DetailCell.swift */ = {isa = PBXFileReference; lastKnownFileType = sourcecode.swift; path = DetailCell.swift; sourceTree = "<group>"; };
		323209902BAB2E0A00E0FF99 /* DetailInfoView.swift */ = {isa = PBXFileReference; lastKnownFileType = sourcecode.swift; path = DetailInfoView.swift; sourceTree = "<group>"; };
		323209922BAB317F00E0FF99 /* DailyCell.swift */ = {isa = PBXFileReference; lastKnownFileType = sourcecode.swift; path = DailyCell.swift; sourceTree = "<group>"; };
		323209942BAB5D6000E0FF99 /* CollectionViewHeader.swift */ = {isa = PBXFileReference; lastKnownFileType = sourcecode.swift; path = CollectionViewHeader.swift; sourceTree = "<group>"; };
		323209962BAB5E7700E0FF99 /* SectionBackgroundView.swift */ = {isa = PBXFileReference; lastKnownFileType = sourcecode.swift; path = SectionBackgroundView.swift; sourceTree = "<group>"; };
		3232099C2BAB84C300E0FF99 /* WeatherFormatter.swift */ = {isa = PBXFileReference; lastKnownFileType = sourcecode.swift; path = WeatherFormatter.swift; sourceTree = "<group>"; };
		3241DA092BB092A900EAF27B /* TwelveHoursWeatherFormatter.swift */ = {isa = PBXFileReference; lastKnownFileType = sourcecode.swift; path = TwelveHoursWeatherFormatter.swift; sourceTree = "<group>"; };
		3241DA0B2BB092E300EAF27B /* TwelveHoursWeather.swift */ = {isa = PBXFileReference; lastKnownFileType = sourcecode.swift; path = TwelveHoursWeather.swift; sourceTree = "<group>"; };
		3241DA0D2BB0BC3A00EAF27B /* LoadingHourlyCell.swift */ = {isa = PBXFileReference; lastKnownFileType = sourcecode.swift; path = LoadingHourlyCell.swift; sourceTree = "<group>"; };
		326A4AE22BB0648D003FF603 /* HourlyCell.swift */ = {isa = PBXFileReference; lastKnownFileType = sourcecode.swift; path = HourlyCell.swift; sourceTree = "<group>"; };
		32B3A7A42BAC44AB00877F2C /* CustomDateFormatter.swift */ = {isa = PBXFileReference; lastKnownFileType = sourcecode.swift; path = CustomDateFormatter.swift; sourceTree = "<group>"; };
		32B3A7A62BAC4B3400877F2C /* WeekDay.swift */ = {isa = PBXFileReference; lastKnownFileType = sourcecode.swift; path = WeekDay.swift; sourceTree = "<group>"; };
		32B3A7A82BAC53A200877F2C /* NavBarTitleView.swift */ = {isa = PBXFileReference; lastKnownFileType = sourcecode.swift; path = NavBarTitleView.swift; sourceTree = "<group>"; };
		32B3A7AC2BAC7B5200877F2C /* CitySearchViewController.swift */ = {isa = PBXFileReference; lastKnownFileType = sourcecode.swift; path = CitySearchViewController.swift; sourceTree = "<group>"; };
		32B3A7AE2BACA50300877F2C /* UserLocationCell.swift */ = {isa = PBXFileReference; lastKnownFileType = sourcecode.swift; path = UserLocationCell.swift; sourceTree = "<group>"; };
		32B3A7B02BACB39600877F2C /* LocationSearchCell.swift */ = {isa = PBXFileReference; lastKnownFileType = sourcecode.swift; path = LocationSearchCell.swift; sourceTree = "<group>"; };
		32B3A7B42BACC46F00877F2C /* CitySearchView.swift */ = {isa = PBXFileReference; lastKnownFileType = sourcecode.swift; path = CitySearchView.swift; sourceTree = "<group>"; };
		32B3A7B62BACCF7700877F2C /* CityNotFoundView.swift */ = {isa = PBXFileReference; lastKnownFileType = sourcecode.swift; path = CityNotFoundView.swift; sourceTree = "<group>"; };
		32C478EC2BAEF99F00471B43 /* ErrorView.swift */ = {isa = PBXFileReference; lastKnownFileType = sourcecode.swift; path = ErrorView.swift; sourceTree = "<group>"; };
		32C478F02BAF28F600471B43 /* ImageConfig.swift */ = {isa = PBXFileReference; lastKnownFileType = sourcecode.swift; path = ImageConfig.swift; sourceTree = "<group>"; };
		32C478F22BAF4AFC00471B43 /* WeatherViewController+Section.swift */ = {isa = PBXFileReference; lastKnownFileType = sourcecode.swift; path = "WeatherViewController+Section.swift"; sourceTree = "<group>"; };
		32C478F42BAF4B5200471B43 /* WeatherViewController+Layout.swift */ = {isa = PBXFileReference; lastKnownFileType = sourcecode.swift; path = "WeatherViewController+Layout.swift"; sourceTree = "<group>"; };
		32C478F62BAF508700471B43 /* CitySearchViewController+Section.swift */ = {isa = PBXFileReference; lastKnownFileType = sourcecode.swift; path = "CitySearchViewController+Section.swift"; sourceTree = "<group>"; };
		32D4E1FB2BAD9CBB00EFE94D /* LoadingDetailCell.swift */ = {isa = PBXFileReference; lastKnownFileType = sourcecode.swift; path = LoadingDetailCell.swift; sourceTree = "<group>"; };
		32D4E1FD2BAD9CF900EFE94D /* LoadingDetailView.swift */ = {isa = PBXFileReference; lastKnownFileType = sourcecode.swift; path = LoadingDetailView.swift; sourceTree = "<group>"; };
		32D4E1FF2BADA2ED00EFE94D /* LoadingMainCell.swift */ = {isa = PBXFileReference; lastKnownFileType = sourcecode.swift; path = LoadingMainCell.swift; sourceTree = "<group>"; };
		32D4E2012BADB3DB00EFE94D /* UIViewController+Alert.swift */ = {isa = PBXFileReference; lastKnownFileType = sourcecode.swift; path = "UIViewController+Alert.swift"; sourceTree = "<group>"; };
		32D4E2032BADC3AF00EFE94D /* Constants.swift */ = {isa = PBXFileReference; lastKnownFileType = sourcecode.swift; path = Constants.swift; sourceTree = "<group>"; };
		32D4E2052BADC3D200EFE94D /* SingleDay.swift */ = {isa = PBXFileReference; lastKnownFileType = sourcecode.swift; path = SingleDay.swift; sourceTree = "<group>"; };
		32D4E2072BADC42000EFE94D /* WeatherCode.swift */ = {isa = PBXFileReference; lastKnownFileType = sourcecode.swift; path = WeatherCode.swift; sourceTree = "<group>"; };
		32D4E2092BADE53500EFE94D /* SearchCache.swift */ = {isa = PBXFileReference; lastKnownFileType = sourcecode.swift; path = SearchCache.swift; sourceTree = "<group>"; };
		32D4E20B2BADE5A800EFE94D /* SearchResult.swift */ = {isa = PBXFileReference; lastKnownFileType = sourcecode.swift; path = SearchResult.swift; sourceTree = "<group>"; };
		32E921952BAA02A4000911F7 /* WeatherApp.app */ = {isa = PBXFileReference; explicitFileType = wrapper.application; includeInIndex = 0; path = WeatherApp.app; sourceTree = BUILT_PRODUCTS_DIR; };
		32E921982BAA02A4000911F7 /* AppDelegate.swift */ = {isa = PBXFileReference; lastKnownFileType = sourcecode.swift; path = AppDelegate.swift; sourceTree = "<group>"; };
		32E9219A2BAA02A4000911F7 /* SceneDelegate.swift */ = {isa = PBXFileReference; lastKnownFileType = sourcecode.swift; path = SceneDelegate.swift; sourceTree = "<group>"; };
		32E9219C2BAA02A4000911F7 /* WeatherViewController.swift */ = {isa = PBXFileReference; lastKnownFileType = sourcecode.swift; path = WeatherViewController.swift; sourceTree = "<group>"; };
		32E921A12BAA02A7000911F7 /* Assets.xcassets */ = {isa = PBXFileReference; lastKnownFileType = folder.assetcatalog; path = Assets.xcassets; sourceTree = "<group>"; };
		32E921A42BAA02A7000911F7 /* Base */ = {isa = PBXFileReference; lastKnownFileType = file.storyboard; name = Base; path = Base.lproj/LaunchScreen.storyboard; sourceTree = "<group>"; };
		32E921A62BAA02A7000911F7 /* Info.plist */ = {isa = PBXFileReference; lastKnownFileType = text.plist.xml; path = Info.plist; sourceTree = "<group>"; };
/* End PBXFileReference section */

/* Begin PBXFrameworksBuildPhase section */
		32E921922BAA02A3000911F7 /* Frameworks */ = {
			isa = PBXFrameworksBuildPhase;
			buildActionMask = 2147483647;
			files = (
			);
			runOnlyForDeploymentPostprocessing = 0;
		};
/* End PBXFrameworksBuildPhase section */

/* Begin PBXGroup section */
		323209752BAB030C00E0FF99 /* Application */ = {
			isa = PBXGroup;
			children = (
				32E921982BAA02A4000911F7 /* AppDelegate.swift */,
				32E9219A2BAA02A4000911F7 /* SceneDelegate.swift */,
			);
			path = Application;
			sourceTree = "<group>";
		};
		323209762BAB031F00E0FF99 /* Controllers */ = {
			isa = PBXGroup;
			children = (
				32E9219C2BAA02A4000911F7 /* WeatherViewController.swift */,
				32B3A7AC2BAC7B5200877F2C /* CitySearchViewController.swift */,
			);
			path = Controllers;
			sourceTree = "<group>";
		};
		323209782BAB033200E0FF99 /* Resources */ = {
			isa = PBXGroup;
			children = (
				32E921A12BAA02A7000911F7 /* Assets.xcassets */,
				32E921A32BAA02A7000911F7 /* LaunchScreen.storyboard */,
				32E921A62BAA02A7000911F7 /* Info.plist */,
			);
			path = Resources;
			sourceTree = "<group>";
		};
		323209792BAB034500E0FF99 /* Views */ = {
			isa = PBXGroup;
			children = (
				3232098A2BAB227F00E0FF99 /* WeatherView.swift */,
				32B3A7B42BACC46F00877F2C /* CitySearchView.swift */,
			);
			path = Views;
			sourceTree = "<group>";
		};
		3232097A2BAB034A00E0FF99 /* Models */ = {
			isa = PBXGroup;
			children = (
				323209832BAB048B00E0FF99 /* Weather.swift */,
				32B3A7A62BAC4B3400877F2C /* WeekDay.swift */,
				32D4E2052BADC3D200EFE94D /* SingleDay.swift */,
				32D4E2072BADC42000EFE94D /* WeatherCode.swift */,
				32D4E20B2BADE5A800EFE94D /* SearchResult.swift */,
				3241DA0B2BB092E300EAF27B /* TwelveHoursWeather.swift */,
			);
			path = Models;
			sourceTree = "<group>";
		};
		3232097B2BAB034F00E0FF99 /* Cells */ = {
			isa = PBXGroup;
			children = (
				3232098C2BAB2B8700E0FF99 /* MainCell.swift */,
				326A4AE22BB0648D003FF603 /* HourlyCell.swift */,
				3232098E2BAB2DB500E0FF99 /* DetailCell.swift */,
				323209922BAB317F00E0FF99 /* DailyCell.swift */,
				32B3A7AE2BACA50300877F2C /* UserLocationCell.swift */,
				32B3A7B02BACB39600877F2C /* LocationSearchCell.swift */,
				32D4E1FB2BAD9CBB00EFE94D /* LoadingDetailCell.swift */,
				32D4E1FF2BADA2ED00EFE94D /* LoadingMainCell.swift */,
				3241DA0D2BB0BC3A00EAF27B /* LoadingHourlyCell.swift */,
			);
			path = Cells;
			sourceTree = "<group>";
		};
		3232097C2BAB035B00E0FF99 /* Network */ = {
			isa = PBXGroup;
			children = (
				323209862BAB0A5100E0FF99 /* NetworkService.swift */,
			);
			path = Network;
			sourceTree = "<group>";
		};
		3232097D2BAB036000E0FF99 /* Extensions */ = {
			isa = PBXGroup;
			children = (
				3232097F2BAB03BF00E0FF99 /* UIView+Style.swift */,
				323209812BAB040000E0FF99 /* UseAutoLayout+propertyWrapper.swift */,
				32D4E2012BADB3DB00EFE94D /* UIViewController+Alert.swift */,
				32C478F22BAF4AFC00471B43 /* WeatherViewController+Section.swift */,
				32C478F42BAF4B5200471B43 /* WeatherViewController+Layout.swift */,
				32C478F62BAF508700471B43 /* CitySearchViewController+Section.swift */,
			);
			path = Extensions;
			sourceTree = "<group>";
		};
		3232097E2BAB036D00E0FF99 /* SupplementaryViews */ = {
			isa = PBXGroup;
			children = (
				323209902BAB2E0A00E0FF99 /* DetailInfoView.swift */,
				323209942BAB5D6000E0FF99 /* CollectionViewHeader.swift */,
				323209962BAB5E7700E0FF99 /* SectionBackgroundView.swift */,
				32B3A7A82BAC53A200877F2C /* NavBarTitleView.swift */,
				32B3A7B62BACCF7700877F2C /* CityNotFoundView.swift */,
				32D4E1FD2BAD9CF900EFE94D /* LoadingDetailView.swift */,
				32C478EC2BAEF99F00471B43 /* ErrorView.swift */,
			);
			path = SupplementaryViews;
			sourceTree = "<group>";
		};
		323209852BAB088100E0FF99 /* Constants */ = {
			isa = PBXGroup;
			children = (
				32D4E2032BADC3AF00EFE94D /* Constants.swift */,
			);
			path = Constants;
			sourceTree = "<group>";
		};
		32C478EF2BAF28E300471B43 /* Helpers */ = {
			isa = PBXGroup;
			children = (
				32C478F02BAF28F600471B43 /* ImageConfig.swift */,
				323209882BAB1A3C00E0FF99 /* LocationFormatter.swift */,
				3232099C2BAB84C300E0FF99 /* WeatherFormatter.swift */,
				32B3A7A42BAC44AB00877F2C /* CustomDateFormatter.swift */,
				32D4E2092BADE53500EFE94D /* SearchCache.swift */,
				3241DA092BB092A900EAF27B /* TwelveHoursWeatherFormatter.swift */,
			);
			path = Helpers;
			sourceTree = "<group>";
		};
		32E9218C2BAA02A3000911F7 = {
			isa = PBXGroup;
			children = (
				32E921972BAA02A4000911F7 /* WeatherApp */,
				32E921962BAA02A4000911F7 /* Products */,
			);
			sourceTree = "<group>";
		};
		32E921962BAA02A4000911F7 /* Products */ = {
			isa = PBXGroup;
			children = (
				32E921952BAA02A4000911F7 /* WeatherApp.app */,
			);
			name = Products;
			sourceTree = "<group>";
		};
		32E921972BAA02A4000911F7 /* WeatherApp */ = {
			isa = PBXGroup;
			children = (
				323209752BAB030C00E0FF99 /* Application */,
				3232097A2BAB034A00E0FF99 /* Models */,
				323209792BAB034500E0FF99 /* Views */,
				323209762BAB031F00E0FF99 /* Controllers */,
				3232097B2BAB034F00E0FF99 /* Cells */,
				3232097C2BAB035B00E0FF99 /* Network */,
				32C478EF2BAF28E300471B43 /* Helpers */,
				3232097E2BAB036D00E0FF99 /* SupplementaryViews */,
				3232097D2BAB036000E0FF99 /* Extensions */,
				323209852BAB088100E0FF99 /* Constants */,
				323209782BAB033200E0FF99 /* Resources */,
			);
			path = WeatherApp;
			sourceTree = "<group>";
		};
/* End PBXGroup section */

/* Begin PBXNativeTarget section */
		32E921942BAA02A3000911F7 /* WeatherApp */ = {
			isa = PBXNativeTarget;
			buildConfigurationList = 32E921A92BAA02A7000911F7 /* Build configuration list for PBXNativeTarget "WeatherApp" */;
			buildPhases = (
				32E921912BAA02A3000911F7 /* Sources */,
				32E921922BAA02A3000911F7 /* Frameworks */,
				32E921932BAA02A3000911F7 /* Resources */,
			);
			buildRules = (
			);
			dependencies = (
			);
			name = WeatherApp;
			productName = WeatherApp;
			productReference = 32E921952BAA02A4000911F7 /* WeatherApp.app */;
			productType = "com.apple.product-type.application";
		};
/* End PBXNativeTarget section */

/* Begin PBXProject section */
		32E9218D2BAA02A3000911F7 /* Project object */ = {
			isa = PBXProject;
			attributes = {
				BuildIndependentTargetsInParallel = 1;
				LastSwiftUpdateCheck = 1420;
				LastUpgradeCheck = 1420;
				TargetAttributes = {
					32E921942BAA02A3000911F7 = {
						CreatedOnToolsVersion = 14.2;
					};
				};
			};
			buildConfigurationList = 32E921902BAA02A3000911F7 /* Build configuration list for PBXProject "WeatherApp" */;
			compatibilityVersion = "Xcode 14.0";
			developmentRegion = en;
			hasScannedForEncodings = 0;
			knownRegions = (
				en,
				Base,
			);
			mainGroup = 32E9218C2BAA02A3000911F7;
			productRefGroup = 32E921962BAA02A4000911F7 /* Products */;
			projectDirPath = "";
			projectRoot = "";
			targets = (
				32E921942BAA02A3000911F7 /* WeatherApp */,
			);
		};
/* End PBXProject section */

/* Begin PBXResourcesBuildPhase section */
		32E921932BAA02A3000911F7 /* Resources */ = {
			isa = PBXResourcesBuildPhase;
			buildActionMask = 2147483647;
			files = (
				32E921A52BAA02A7000911F7 /* LaunchScreen.storyboard in Resources */,
				32E921A22BAA02A7000911F7 /* Assets.xcassets in Resources */,
			);
			runOnlyForDeploymentPostprocessing = 0;
		};
/* End PBXResourcesBuildPhase section */

/* Begin PBXSourcesBuildPhase section */
		32E921912BAA02A3000911F7 /* Sources */ = {
			isa = PBXSourcesBuildPhase;
			buildActionMask = 2147483647;
			files = (
				326A4AE32BB0648D003FF603 /* HourlyCell.swift in Sources */,
				3241DA0A2BB092A900EAF27B /* TwelveHoursWeatherFormatter.swift in Sources */,
				32B3A7A72BAC4B3400877F2C /* WeekDay.swift in Sources */,
				323209912BAB2E0A00E0FF99 /* DetailInfoView.swift in Sources */,
				32C478F12BAF28F600471B43 /* ImageConfig.swift in Sources */,
				32B3A7B72BACCF7700877F2C /* CityNotFoundView.swift in Sources */,
				323209952BAB5D6000E0FF99 /* CollectionViewHeader.swift in Sources */,
				32D4E2042BADC3AF00EFE94D /* Constants.swift in Sources */,
				32E9219D2BAA02A4000911F7 /* WeatherViewController.swift in Sources */,
				32B3A7AF2BACA50300877F2C /* UserLocationCell.swift in Sources */,
				32D4E2002BADA2ED00EFE94D /* LoadingMainCell.swift in Sources */,
				32D4E20A2BADE53500EFE94D /* SearchCache.swift in Sources */,
				3232098F2BAB2DB500E0FF99 /* DetailCell.swift in Sources */,
				32E921992BAA02A4000911F7 /* AppDelegate.swift in Sources */,
				32B3A7A92BAC53A200877F2C /* NavBarTitleView.swift in Sources */,
				32B3A7B52BACC46F00877F2C /* CitySearchView.swift in Sources */,
				32B3A7A52BAC44AB00877F2C /* CustomDateFormatter.swift in Sources */,
				32D4E2062BADC3D200EFE94D /* SingleDay.swift in Sources */,
				323209892BAB1A3C00E0FF99 /* LocationFormatter.swift in Sources */,
				323209802BAB03BF00E0FF99 /* UIView+Style.swift in Sources */,
				32D4E20C2BADE5A800EFE94D /* SearchResult.swift in Sources */,
				3232098D2BAB2B8700E0FF99 /* MainCell.swift in Sources */,
				32B3A7B12BACB39600877F2C /* LocationSearchCell.swift in Sources */,
				32C478F32BAF4AFC00471B43 /* WeatherViewController+Section.swift in Sources */,
				3241DA0C2BB092E300EAF27B /* TwelveHoursWeather.swift in Sources */,
				323209972BAB5E7700E0FF99 /* SectionBackgroundView.swift in Sources */,
				32C478F72BAF508700471B43 /* CitySearchViewController+Section.swift in Sources */,
				32C478ED2BAEF99F00471B43 /* ErrorView.swift in Sources */,
				32B3A7AD2BAC7B5200877F2C /* CitySearchViewController.swift in Sources */,
				32E9219B2BAA02A4000911F7 /* SceneDelegate.swift in Sources */,
				32D4E2022BADB3DB00EFE94D /* UIViewController+Alert.swift in Sources */,
				32D4E2082BADC42000EFE94D /* WeatherCode.swift in Sources */,
				323209842BAB048B00E0FF99 /* Weather.swift in Sources */,
				323209932BAB317F00E0FF99 /* DailyCell.swift in Sources */,
				32D4E1FE2BAD9CF900EFE94D /* LoadingDetailView.swift in Sources */,
				32D4E1FC2BAD9CBB00EFE94D /* LoadingDetailCell.swift in Sources */,
				3232098B2BAB227F00E0FF99 /* WeatherView.swift in Sources */,
				323209822BAB040000E0FF99 /* UseAutoLayout+propertyWrapper.swift in Sources */,
				323209872BAB0A5100E0FF99 /* NetworkService.swift in Sources */,
				3241DA0E2BB0BC3A00EAF27B /* LoadingHourlyCell.swift in Sources */,
				32C478F52BAF4B5200471B43 /* WeatherViewController+Layout.swift in Sources */,
				3232099D2BAB84C300E0FF99 /* WeatherFormatter.swift in Sources */,
			);
			runOnlyForDeploymentPostprocessing = 0;
		};
/* End PBXSourcesBuildPhase section */

/* Begin PBXVariantGroup section */
		32E921A32BAA02A7000911F7 /* LaunchScreen.storyboard */ = {
			isa = PBXVariantGroup;
			children = (
				32E921A42BAA02A7000911F7 /* Base */,
			);
			name = LaunchScreen.storyboard;
			sourceTree = "<group>";
		};
/* End PBXVariantGroup section */

/* Begin XCBuildConfiguration section */
		32E921A72BAA02A7000911F7 /* Debug */ = {
			isa = XCBuildConfiguration;
			buildSettings = {
				ALWAYS_SEARCH_USER_PATHS = NO;
				CLANG_ANALYZER_NONNULL = YES;
				CLANG_ANALYZER_NUMBER_OBJECT_CONVERSION = YES_AGGRESSIVE;
				CLANG_CXX_LANGUAGE_STANDARD = "gnu++20";
				CLANG_ENABLE_MODULES = YES;
				CLANG_ENABLE_OBJC_ARC = YES;
				CLANG_ENABLE_OBJC_WEAK = YES;
				CLANG_WARN_BLOCK_CAPTURE_AUTORELEASING = YES;
				CLANG_WARN_BOOL_CONVERSION = YES;
				CLANG_WARN_COMMA = YES;
				CLANG_WARN_CONSTANT_CONVERSION = YES;
				CLANG_WARN_DEPRECATED_OBJC_IMPLEMENTATIONS = YES;
				CLANG_WARN_DIRECT_OBJC_ISA_USAGE = YES_ERROR;
				CLANG_WARN_DOCUMENTATION_COMMENTS = YES;
				CLANG_WARN_EMPTY_BODY = YES;
				CLANG_WARN_ENUM_CONVERSION = YES;
				CLANG_WARN_INFINITE_RECURSION = YES;
				CLANG_WARN_INT_CONVERSION = YES;
				CLANG_WARN_NON_LITERAL_NULL_CONVERSION = YES;
				CLANG_WARN_OBJC_IMPLICIT_RETAIN_SELF = YES;
				CLANG_WARN_OBJC_LITERAL_CONVERSION = YES;
				CLANG_WARN_OBJC_ROOT_CLASS = YES_ERROR;
				CLANG_WARN_QUOTED_INCLUDE_IN_FRAMEWORK_HEADER = YES;
				CLANG_WARN_RANGE_LOOP_ANALYSIS = YES;
				CLANG_WARN_STRICT_PROTOTYPES = YES;
				CLANG_WARN_SUSPICIOUS_MOVE = YES;
				CLANG_WARN_UNGUARDED_AVAILABILITY = YES_AGGRESSIVE;
				CLANG_WARN_UNREACHABLE_CODE = YES;
				CLANG_WARN__DUPLICATE_METHOD_MATCH = YES;
				COPY_PHASE_STRIP = NO;
				DEBUG_INFORMATION_FORMAT = dwarf;
				ENABLE_STRICT_OBJC_MSGSEND = YES;
				ENABLE_TESTABILITY = YES;
				GCC_C_LANGUAGE_STANDARD = gnu11;
				GCC_DYNAMIC_NO_PIC = NO;
				GCC_NO_COMMON_BLOCKS = YES;
				GCC_OPTIMIZATION_LEVEL = 0;
				GCC_PREPROCESSOR_DEFINITIONS = (
					"DEBUG=1",
					"$(inherited)",
				);
				GCC_WARN_64_TO_32_BIT_CONVERSION = YES;
				GCC_WARN_ABOUT_RETURN_TYPE = YES_ERROR;
				GCC_WARN_UNDECLARED_SELECTOR = YES;
				GCC_WARN_UNINITIALIZED_AUTOS = YES_AGGRESSIVE;
				GCC_WARN_UNUSED_FUNCTION = YES;
				GCC_WARN_UNUSED_VARIABLE = YES;
				IPHONEOS_DEPLOYMENT_TARGET = 16.2;
				MTL_ENABLE_DEBUG_INFO = INCLUDE_SOURCE;
				MTL_FAST_MATH = YES;
				ONLY_ACTIVE_ARCH = YES;
				SDKROOT = iphoneos;
				SWIFT_ACTIVE_COMPILATION_CONDITIONS = DEBUG;
				SWIFT_OPTIMIZATION_LEVEL = "-Onone";
			};
			name = Debug;
		};
		32E921A82BAA02A7000911F7 /* Release */ = {
			isa = XCBuildConfiguration;
			buildSettings = {
				ALWAYS_SEARCH_USER_PATHS = NO;
				CLANG_ANALYZER_NONNULL = YES;
				CLANG_ANALYZER_NUMBER_OBJECT_CONVERSION = YES_AGGRESSIVE;
				CLANG_CXX_LANGUAGE_STANDARD = "gnu++20";
				CLANG_ENABLE_MODULES = YES;
				CLANG_ENABLE_OBJC_ARC = YES;
				CLANG_ENABLE_OBJC_WEAK = YES;
				CLANG_WARN_BLOCK_CAPTURE_AUTORELEASING = YES;
				CLANG_WARN_BOOL_CONVERSION = YES;
				CLANG_WARN_COMMA = YES;
				CLANG_WARN_CONSTANT_CONVERSION = YES;
				CLANG_WARN_DEPRECATED_OBJC_IMPLEMENTATIONS = YES;
				CLANG_WARN_DIRECT_OBJC_ISA_USAGE = YES_ERROR;
				CLANG_WARN_DOCUMENTATION_COMMENTS = YES;
				CLANG_WARN_EMPTY_BODY = YES;
				CLANG_WARN_ENUM_CONVERSION = YES;
				CLANG_WARN_INFINITE_RECURSION = YES;
				CLANG_WARN_INT_CONVERSION = YES;
				CLANG_WARN_NON_LITERAL_NULL_CONVERSION = YES;
				CLANG_WARN_OBJC_IMPLICIT_RETAIN_SELF = YES;
				CLANG_WARN_OBJC_LITERAL_CONVERSION = YES;
				CLANG_WARN_OBJC_ROOT_CLASS = YES_ERROR;
				CLANG_WARN_QUOTED_INCLUDE_IN_FRAMEWORK_HEADER = YES;
				CLANG_WARN_RANGE_LOOP_ANALYSIS = YES;
				CLANG_WARN_STRICT_PROTOTYPES = YES;
				CLANG_WARN_SUSPICIOUS_MOVE = YES;
				CLANG_WARN_UNGUARDED_AVAILABILITY = YES_AGGRESSIVE;
				CLANG_WARN_UNREACHABLE_CODE = YES;
				CLANG_WARN__DUPLICATE_METHOD_MATCH = YES;
				COPY_PHASE_STRIP = NO;
				DEBUG_INFORMATION_FORMAT = "dwarf-with-dsym";
				ENABLE_NS_ASSERTIONS = NO;
				ENABLE_STRICT_OBJC_MSGSEND = YES;
				GCC_C_LANGUAGE_STANDARD = gnu11;
				GCC_NO_COMMON_BLOCKS = YES;
				GCC_WARN_64_TO_32_BIT_CONVERSION = YES;
				GCC_WARN_ABOUT_RETURN_TYPE = YES_ERROR;
				GCC_WARN_UNDECLARED_SELECTOR = YES;
				GCC_WARN_UNINITIALIZED_AUTOS = YES_AGGRESSIVE;
				GCC_WARN_UNUSED_FUNCTION = YES;
				GCC_WARN_UNUSED_VARIABLE = YES;
				IPHONEOS_DEPLOYMENT_TARGET = 16.2;
				MTL_ENABLE_DEBUG_INFO = NO;
				MTL_FAST_MATH = YES;
				SDKROOT = iphoneos;
				SWIFT_COMPILATION_MODE = wholemodule;
				SWIFT_OPTIMIZATION_LEVEL = "-O";
				VALIDATE_PRODUCT = YES;
			};
			name = Release;
		};
		32E921AA2BAA02A7000911F7 /* Debug */ = {
			isa = XCBuildConfiguration;
			buildSettings = {
				ASSETCATALOG_COMPILER_APPICON_NAME = AppIcon;
				ASSETCATALOG_COMPILER_GLOBAL_ACCENT_COLOR_NAME = AccentColor;
				CODE_SIGN_STYLE = Automatic;
				CURRENT_PROJECT_VERSION = 1;
				DEVELOPMENT_TEAM = 4A3Z74ZVFC;
				GENERATE_INFOPLIST_FILE = YES;
				INFOPLIST_FILE = WeatherApp/Resources/Info.plist;
				INFOPLIST_KEY_NSLocationWhenInUseUsageDescription = "Хотим показывать погоду в твоем районе ";
				INFOPLIST_KEY_UIApplicationSupportsIndirectInputEvents = YES;
				INFOPLIST_KEY_UILaunchStoryboardName = LaunchScreen;
				INFOPLIST_KEY_UISupportedInterfaceOrientations_iPad = "UIInterfaceOrientationPortrait UIInterfaceOrientationPortraitUpsideDown UIInterfaceOrientationLandscapeLeft UIInterfaceOrientationLandscapeRight";
				INFOPLIST_KEY_UISupportedInterfaceOrientations_iPhone = "UIInterfaceOrientationPortrait UIInterfaceOrientationLandscapeLeft UIInterfaceOrientationLandscapeRight";
				IPHONEOS_DEPLOYMENT_TARGET = 16.0;
				LD_RUNPATH_SEARCH_PATHS = (
					"$(inherited)",
					"@executable_path/Frameworks",
				);
				MARKETING_VERSION = 1.0;
				PRODUCT_BUNDLE_IDENTIFIER = exersice.com.WeatherApp;
				PRODUCT_NAME = "$(TARGET_NAME)";
				SWIFT_EMIT_LOC_STRINGS = YES;
				SWIFT_VERSION = 5.0;
				TARGETED_DEVICE_FAMILY = "1,2";
			};
			name = Debug;
		};
		32E921AB2BAA02A7000911F7 /* Release */ = {
			isa = XCBuildConfiguration;
			buildSettings = {
				ASSETCATALOG_COMPILER_APPICON_NAME = AppIcon;
				ASSETCATALOG_COMPILER_GLOBAL_ACCENT_COLOR_NAME = AccentColor;
				CODE_SIGN_STYLE = Automatic;
				CURRENT_PROJECT_VERSION = 1;
				DEVELOPMENT_TEAM = 4A3Z74ZVFC;
				GENERATE_INFOPLIST_FILE = YES;
				INFOPLIST_FILE = WeatherApp/Resources/Info.plist;
				INFOPLIST_KEY_NSLocationWhenInUseUsageDescription = "Хотим показывать погоду в твоем районе ";
				INFOPLIST_KEY_UIApplicationSupportsIndirectInputEvents = YES;
				INFOPLIST_KEY_UILaunchStoryboardName = LaunchScreen;
				INFOPLIST_KEY_UISupportedInterfaceOrientations_iPad = "UIInterfaceOrientationPortrait UIInterfaceOrientationPortraitUpsideDown UIInterfaceOrientationLandscapeLeft UIInterfaceOrientationLandscapeRight";
				INFOPLIST_KEY_UISupportedInterfaceOrientations_iPhone = "UIInterfaceOrientationPortrait UIInterfaceOrientationLandscapeLeft UIInterfaceOrientationLandscapeRight";
				IPHONEOS_DEPLOYMENT_TARGET = 16.0;
				LD_RUNPATH_SEARCH_PATHS = (
					"$(inherited)",
					"@executable_path/Frameworks",
				);
				MARKETING_VERSION = 1.0;
				PRODUCT_BUNDLE_IDENTIFIER = exersice.com.WeatherApp;
				PRODUCT_NAME = "$(TARGET_NAME)";
				SWIFT_EMIT_LOC_STRINGS = YES;
				SWIFT_VERSION = 5.0;
				TARGETED_DEVICE_FAMILY = "1,2";
			};
			name = Release;
		};
/* End XCBuildConfiguration section */

/* Begin XCConfigurationList section */
		32E921902BAA02A3000911F7 /* Build configuration list for PBXProject "WeatherApp" */ = {
			isa = XCConfigurationList;
			buildConfigurations = (
				32E921A72BAA02A7000911F7 /* Debug */,
				32E921A82BAA02A7000911F7 /* Release */,
			);
			defaultConfigurationIsVisible = 0;
			defaultConfigurationName = Release;
		};
		32E921A92BAA02A7000911F7 /* Build configuration list for PBXNativeTarget "WeatherApp" */ = {
			isa = XCConfigurationList;
			buildConfigurations = (
				32E921AA2BAA02A7000911F7 /* Debug */,
				32E921AB2BAA02A7000911F7 /* Release */,
			);
			defaultConfigurationIsVisible = 0;
			defaultConfigurationName = Release;
		};
/* End XCConfigurationList section */
	};
	rootObject = 32E9218D2BAA02A3000911F7 /* Project object */;
}
